// !$*UTF8*$!
{
	archiveVersion = 1;
	classes = {
	};
	objectVersion = 48;
	objects = {

/* Begin PBXBuildFile section */
		0A26D2932064623B00476BC4 /* chatTableViewCell.swift in Sources */ = {isa = PBXBuildFile; fileRef = 0A26D2922064623B00476BC4 /* chatTableViewCell.swift */; };
		0A2F0E87208534CB0055F403 /* ChatViewController.swift in Sources */ = {isa = PBXBuildFile; fileRef = 0A2F0E86208534CB0055F403 /* ChatViewController.swift */; };
		0A2F0E8A208537D60055F403 /* Chat.swift in Sources */ = {isa = PBXBuildFile; fileRef = 0A2F0E89208537D60055F403 /* Chat.swift */; };
		0AA07DB62063F141006E6557 /* AppDelegate.swift in Sources */ = {isa = PBXBuildFile; fileRef = 0AA07DB52063F141006E6557 /* AppDelegate.swift */; };
		0AA07DB82063F141006E6557 /* ViewController.swift in Sources */ = {isa = PBXBuildFile; fileRef = 0AA07DB72063F141006E6557 /* ViewController.swift */; };
		0AA07DBB2063F141006E6557 /* Main.storyboard in Resources */ = {isa = PBXBuildFile; fileRef = 0AA07DB92063F141006E6557 /* Main.storyboard */; };
		0AA07DBD2063F141006E6557 /* Assets.xcassets in Resources */ = {isa = PBXBuildFile; fileRef = 0AA07DBC2063F141006E6557 /* Assets.xcassets */; };
		0AC7491F20868721009C64B4 /* LaunchScreen.storyboard in Resources */ = {isa = PBXBuildFile; fileRef = 0AC7491E20868721009C64B4 /* LaunchScreen.storyboard */; };
		0AC74923208695D4009C64B4 /* LoginViewController2.swift in Sources */ = {isa = PBXBuildFile; fileRef = 0AC74922208695D4009C64B4 /* LoginViewController2.swift */; };
		8F2EBE6D34BE8467C075E72C /* Pods_xschat.framework in Frameworks */ = {isa = PBXBuildFile; fileRef = 6E246B4B20DF24CEB7266D04 /* Pods_xschat.framework */; };
/* End PBXBuildFile section */

/* Begin PBXFileReference section */
		0A26D2922064623B00476BC4 /* chatTableViewCell.swift */ = {isa = PBXFileReference; lastKnownFileType = sourcecode.swift; path = chatTableViewCell.swift; sourceTree = "<group>"; };
		0A2F0E86208534CB0055F403 /* ChatViewController.swift */ = {isa = PBXFileReference; lastKnownFileType = sourcecode.swift; path = ChatViewController.swift; sourceTree = "<group>"; };
		0A2F0E89208537D60055F403 /* Chat.swift */ = {isa = PBXFileReference; lastKnownFileType = sourcecode.swift; path = Chat.swift; sourceTree = "<group>"; };
		0AA07DB22063F141006E6557 /* xschat.app */ = {isa = PBXFileReference; explicitFileType = wrapper.application; includeInIndex = 0; path = xschat.app; sourceTree = BUILT_PRODUCTS_DIR; };
		0AA07DB52063F141006E6557 /* AppDelegate.swift */ = {isa = PBXFileReference; lastKnownFileType = sourcecode.swift; path = AppDelegate.swift; sourceTree = "<group>"; };
		0AA07DB72063F141006E6557 /* ViewController.swift */ = {isa = PBXFileReference; lastKnownFileType = sourcecode.swift; path = ViewController.swift; sourceTree = "<group>"; };
		0AA07DBA2063F141006E6557 /* Base */ = {isa = PBXFileReference; lastKnownFileType = file.storyboard; name = Base; path = Base.lproj/Main.storyboard; sourceTree = "<group>"; };
		0AA07DBC2063F141006E6557 /* Assets.xcassets */ = {isa = PBXFileReference; lastKnownFileType = folder.assetcatalog; path = Assets.xcassets; sourceTree = "<group>"; };
		0AA07DC12063F141006E6557 /* Info.plist */ = {isa = PBXFileReference; lastKnownFileType = text.plist.xml; path = Info.plist; sourceTree = "<group>"; };
		0AC7491E20868721009C64B4 /* LaunchScreen.storyboard */ = {isa = PBXFileReference; lastKnownFileType = file.storyboard; path = LaunchScreen.storyboard; sourceTree = "<group>"; };
		0AC74922208695D4009C64B4 /* LoginViewController2.swift */ = {isa = PBXFileReference; lastKnownFileType = sourcecode.swift; path = LoginViewController2.swift; sourceTree = "<group>"; };
		6E246B4B20DF24CEB7266D04 /* Pods_xschat.framework */ = {isa = PBXFileReference; explicitFileType = wrapper.framework; includeInIndex = 0; path = Pods_xschat.framework; sourceTree = BUILT_PRODUCTS_DIR; };
		BE1AA7C01A1DBF2EAFD16CBD /* Pods-xschat.release.xcconfig */ = {isa = PBXFileReference; includeInIndex = 1; lastKnownFileType = text.xcconfig; name = "Pods-xschat.release.xcconfig"; path = "Pods/Target Support Files/Pods-xschat/Pods-xschat.release.xcconfig"; sourceTree = "<group>"; };
		FCDB9D3E0B9140BB54539214 /* Pods-xschat.debug.xcconfig */ = {isa = PBXFileReference; includeInIndex = 1; lastKnownFileType = text.xcconfig; name = "Pods-xschat.debug.xcconfig"; path = "Pods/Target Support Files/Pods-xschat/Pods-xschat.debug.xcconfig"; sourceTree = "<group>"; };
/* End PBXFileReference section */

/* Begin PBXFrameworksBuildPhase section */
		0AA07DAF2063F141006E6557 /* Frameworks */ = {
			isa = PBXFrameworksBuildPhase;
			buildActionMask = 2147483647;
			files = (
				8F2EBE6D34BE8467C075E72C /* Pods_xschat.framework in Frameworks */,
			);
			runOnlyForDeploymentPostprocessing = 0;
		};
/* End PBXFrameworksBuildPhase section */

/* Begin PBXGroup section */
		0A2F0E842084FF780055F403 /* Controller */ = {
			isa = PBXGroup;
			children = (
				0AA07DB52063F141006E6557 /* AppDelegate.swift */,
				0A26D2922064623B00476BC4 /* chatTableViewCell.swift */,
				0A2F0E86208534CB0055F403 /* ChatViewController.swift */,
				0AA07DB72063F141006E6557 /* ViewController.swift */,
				0AC74922208695D4009C64B4 /* LoginViewController2.swift */,
			);
			path = Controller;
			sourceTree = "<group>";
		};
		0A2F0E852084FFB60055F403 /* View */ = {
			isa = PBXGroup;
			children = (
				0AA07DB92063F141006E6557 /* Main.storyboard */,
				0AC7491E20868721009C64B4 /* LaunchScreen.storyboard */,
				0AA07DBC2063F141006E6557 /* Assets.xcassets */,
			);
			path = View;
			sourceTree = "<group>";
		};
		0A2F0E88208537BA0055F403 /* Model */ = {
			isa = PBXGroup;
			children = (
				0A2F0E89208537D60055F403 /* Chat.swift */,
			);
			path = Model;
			sourceTree = "<group>";
		};
		0AA07DA92063F141006E6557 = {
			isa = PBXGroup;
			children = (
				0AA07DB42063F141006E6557 /* xschat */,
				0AA07DB32063F141006E6557 /* Products */,
				A652C12FEC29DFC145EFCA53 /* Pods */,
				A177164DF7FB17D2F4E0FDD0 /* Frameworks */,
			);
			sourceTree = "<group>";
		};
		0AA07DB32063F141006E6557 /* Products */ = {
			isa = PBXGroup;
			children = (
				0AA07DB22063F141006E6557 /* xschat.app */,
			);
			name = Products;
			sourceTree = "<group>";
		};
		0AA07DB42063F141006E6557 /* xschat */ = {
			isa = PBXGroup;
			children = (
				0A2F0E88208537BA0055F403 /* Model */,
				0A2F0E842084FF780055F403 /* Controller */,
				0A2F0E852084FFB60055F403 /* View */,
				0AA07DC12063F141006E6557 /* Info.plist */,
			);
			path = xschat;
			sourceTree = "<group>";
		};
		A177164DF7FB17D2F4E0FDD0 /* Frameworks */ = {
			isa = PBXGroup;
			children = (
				6E246B4B20DF24CEB7266D04 /* Pods_xschat.framework */,
			);
			name = Frameworks;
			sourceTree = "<group>";
		};
		A652C12FEC29DFC145EFCA53 /* Pods */ = {
			isa = PBXGroup;
			children = (
				FCDB9D3E0B9140BB54539214 /* Pods-xschat.debug.xcconfig */,
				BE1AA7C01A1DBF2EAFD16CBD /* Pods-xschat.release.xcconfig */,
			);
			name = Pods;
			sourceTree = "<group>";
		};
/* End PBXGroup section */

/* Begin PBXNativeTarget section */
		0AA07DB12063F141006E6557 /* xschat */ = {
			isa = PBXNativeTarget;
			buildConfigurationList = 0AA07DC42063F141006E6557 /* Build configuration list for PBXNativeTarget "xschat" */;
			buildPhases = (
				41C53DC696604AFB3372D621 /* [CP] Check Pods Manifest.lock */,
				0AA07DAE2063F141006E6557 /* Sources */,
				0AA07DAF2063F141006E6557 /* Frameworks */,
				0AA07DB02063F141006E6557 /* Resources */,
				AD52907ECB30C64C574EF3E0 /* [CP] Embed Pods Frameworks */,
				79860B95A3238E52232C14B6 /* [CP] Copy Pods Resources */,
			);
			buildRules = (
			);
			dependencies = (
			);
			name = xschat;
			productName = xschat;
			productReference = 0AA07DB22063F141006E6557 /* xschat.app */;
			productType = "com.apple.product-type.application";
		};
/* End PBXNativeTarget section */

/* Begin PBXProject section */
		0AA07DAA2063F141006E6557 /* Project object */ = {
			isa = PBXProject;
			attributes = {
				LastSwiftUpdateCheck = 0920;
				LastUpgradeCheck = 0920;
				ORGANIZATIONNAME = Megaputz;
				TargetAttributes = {
					0AA07DB12063F141006E6557 = {
						CreatedOnToolsVersion = 9.2;
						ProvisioningStyle = Automatic;
					};
				};
			};
			buildConfigurationList = 0AA07DAD2063F141006E6557 /* Build configuration list for PBXProject "xschat" */;
			compatibilityVersion = "Xcode 8.0";
			developmentRegion = en;
			hasScannedForEncodings = 0;
			knownRegions = (
				en,
				Base,
			);
			mainGroup = 0AA07DA92063F141006E6557;
			productRefGroup = 0AA07DB32063F141006E6557 /* Products */;
			projectDirPath = "";
			projectRoot = "";
			targets = (
				0AA07DB12063F141006E6557 /* xschat */,
			);
		};
/* End PBXProject section */

/* Begin PBXResourcesBuildPhase section */
		0AA07DB02063F141006E6557 /* Resources */ = {
			isa = PBXResourcesBuildPhase;
			buildActionMask = 2147483647;
			files = (
				0AC7491F20868721009C64B4 /* LaunchScreen.storyboard in Resources */,
				0AA07DBD2063F141006E6557 /* Assets.xcassets in Resources */,
				0AA07DBB2063F141006E6557 /* Main.storyboard in Resources */,
			);
			runOnlyForDeploymentPostprocessing = 0;
		};
/* End PBXResourcesBuildPhase section */

/* Begin PBXShellScriptBuildPhase section */
		41C53DC696604AFB3372D621 /* [CP] Check Pods Manifest.lock */ = {
			isa = PBXShellScriptBuildPhase;
			buildActionMask = 2147483647;
			files = (
			);
			inputPaths = (
				"${PODS_PODFILE_DIR_PATH}/Podfile.lock",
				"${PODS_ROOT}/Manifest.lock",
			);
			name = "[CP] Check Pods Manifest.lock";
			outputPaths = (
				"$(DERIVED_FILE_DIR)/Pods-xschat-checkManifestLockResult.txt",
			);
			runOnlyForDeploymentPostprocessing = 0;
			shellPath = /bin/sh;
			shellScript = "diff \"${PODS_PODFILE_DIR_PATH}/Podfile.lock\" \"${PODS_ROOT}/Manifest.lock\" > /dev/null\nif [ $? != 0 ] ; then\n    # print error to STDERR\n    echo \"error: The sandbox is not in sync with the Podfile.lock. Run 'pod install' or update your CocoaPods installation.\" >&2\n    exit 1\nfi\n# This output is used by Xcode 'outputs' to avoid re-running this script phase.\necho \"SUCCESS\" > \"${SCRIPT_OUTPUT_FILE_0}\"\n";
			showEnvVarsInLog = 0;
		};
		79860B95A3238E52232C14B6 /* [CP] Copy Pods Resources */ = {
			isa = PBXShellScriptBuildPhase;
			buildActionMask = 2147483647;
			files = (
			);
			inputPaths = (
			);
			name = "[CP] Copy Pods Resources";
			outputPaths = (
			);
			runOnlyForDeploymentPostprocessing = 0;
			shellPath = /bin/sh;
			shellScript = "\"${SRCROOT}/Pods/Target Support Files/Pods-xschat/Pods-xschat-resources.sh\"\n";
			showEnvVarsInLog = 0;
		};
		AD52907ECB30C64C574EF3E0 /* [CP] Embed Pods Frameworks */ = {
			isa = PBXShellScriptBuildPhase;
			buildActionMask = 2147483647;
			files = (
			);
			inputPaths = (
				"${SRCROOT}/Pods/Target Support Files/Pods-xschat/Pods-xschat-frameworks.sh",
				"${BUILT_PRODUCTS_DIR}/Alamofire/Alamofire.framework",
			);
			name = "[CP] Embed Pods Frameworks";
			outputPaths = (
				"${TARGET_BUILD_DIR}/${FRAMEWORKS_FOLDER_PATH}/Alamofire.framework",
			);
			runOnlyForDeploymentPostprocessing = 0;
			shellPath = /bin/sh;
			shellScript = "\"${SRCROOT}/Pods/Target Support Files/Pods-xschat/Pods-xschat-frameworks.sh\"\n";
			showEnvVarsInLog = 0;
		};
/* End PBXShellScriptBuildPhase section */

/* Begin PBXSourcesBuildPhase section */
		0AA07DAE2063F141006E6557 /* Sources */ = {
			isa = PBXSourcesBuildPhase;
			buildActionMask = 2147483647;
			files = (
				0AC74923208695D4009C64B4 /* LoginViewController2.swift in Sources */,
				0AA07DB82063F141006E6557 /* ViewController.swift in Sources */,
				0AA07DB62063F141006E6557 /* AppDelegate.swift in Sources */,
				0A2F0E8A208537D60055F403 /* Chat.swift in Sources */,
				0A2F0E87208534CB0055F403 /* ChatViewController.swift in Sources */,
				0A26D2932064623B00476BC4 /* chatTableViewCell.swift in Sources */,
			);
			runOnlyForDeploymentPostprocessing = 0;
		};
/* End PBXSourcesBuildPhase section */

/* Begin PBXVariantGroup section */
		0AA07DB92063F141006E6557 /* Main.storyboard */ = {
			isa = PBXVariantGroup;
			children = (
				0AA07DBA2063F141006E6557 /* Base */,
			);
			name = Main.storyboard;
			sourceTree = "<group>";
		};
/* End PBXVariantGroup section */

/* Begin XCBuildConfiguration section */
		0AA07DC22063F141006E6557 /* Debug */ = {
			isa = XCBuildConfiguration;
			buildSettings = {
				ALWAYS_SEARCH_USER_PATHS = NO;
				CLANG_ANALYZER_NONNULL = YES;
				CLANG_ANALYZER_NUMBER_OBJECT_CONVERSION = YES_AGGRESSIVE;
				CLANG_CXX_LANGUAGE_STANDARD = "gnu++14";
				CLANG_CXX_LIBRARY = "libc++";
				CLANG_ENABLE_MODULES = YES;
				CLANG_ENABLE_OBJC_ARC = YES;
				CLANG_WARN_BLOCK_CAPTURE_AUTORELEASING = YES;
				CLANG_WARN_BOOL_CONVERSION = YES;
				CLANG_WARN_COMMA = YES;
				CLANG_WARN_CONSTANT_CONVERSION = YES;
				CLANG_WARN_DIRECT_OBJC_ISA_USAGE = YES_ERROR;
				CLANG_WARN_DOCUMENTATION_COMMENTS = YES;
				CLANG_WARN_EMPTY_BODY = YES;
				CLANG_WARN_ENUM_CONVERSION = YES;
				CLANG_WARN_INFINITE_RECURSION = YES;
				CLANG_WARN_INT_CONVERSION = YES;
				CLANG_WARN_NON_LITERAL_NULL_CONVERSION = YES;
				CLANG_WARN_OBJC_LITERAL_CONVERSION = YES;
				CLANG_WARN_OBJC_ROOT_CLASS = YES_ERROR;
				CLANG_WARN_RANGE_LOOP_ANALYSIS = YES;
				CLANG_WARN_STRICT_PROTOTYPES = YES;
				CLANG_WARN_SUSPICIOUS_MOVE = YES;
				CLANG_WARN_UNGUARDED_AVAILABILITY = YES_AGGRESSIVE;
				CLANG_WARN_UNREACHABLE_CODE = YES;
				CLANG_WARN__DUPLICATE_METHOD_MATCH = YES;
				CODE_SIGN_IDENTITY = "iPhone Developer";
				COPY_PHASE_STRIP = NO;
				DEBUG_INFORMATION_FORMAT = dwarf;
				ENABLE_STRICT_OBJC_MSGSEND = YES;
				ENABLE_TESTABILITY = YES;
				GCC_C_LANGUAGE_STANDARD = gnu11;
				GCC_DYNAMIC_NO_PIC = NO;
				GCC_NO_COMMON_BLOCKS = YES;
				GCC_OPTIMIZATION_LEVEL = 0;
				GCC_PREPROCESSOR_DEFINITIONS = (
					"DEBUG=1",
					"$(inherited)",
				);
				GCC_WARN_64_TO_32_BIT_CONVERSION = YES;
				GCC_WARN_ABOUT_RETURN_TYPE = YES_ERROR;
				GCC_WARN_UNDECLARED_SELECTOR = YES;
				GCC_WARN_UNINITIALIZED_AUTOS = YES_AGGRESSIVE;
				GCC_WARN_UNUSED_FUNCTION = YES;
				GCC_WARN_UNUSED_VARIABLE = YES;
				IPHONEOS_DEPLOYMENT_TARGET = 11.2;
				MTL_ENABLE_DEBUG_INFO = YES;
				ONLY_ACTIVE_ARCH = YES;
				SDKROOT = iphoneos;
				SWIFT_ACTIVE_COMPILATION_CONDITIONS = DEBUG;
				SWIFT_OPTIMIZATION_LEVEL = "-Onone";
			};
			name = Debug;
		};
		0AA07DC32063F141006E6557 /* Release */ = {
			isa = XCBuildConfiguration;
			buildSettings = {
				ALWAYS_SEARCH_USER_PATHS = NO;
				CLANG_ANALYZER_NONNULL = YES;
				CLANG_ANALYZER_NUMBER_OBJECT_CONVERSION = YES_AGGRESSIVE;
				CLANG_CXX_LANGUAGE_STANDARD = "gnu++14";
				CLANG_CXX_LIBRARY = "libc++";
				CLANG_ENABLE_MODULES = YES;
				CLANG_ENABLE_OBJC_ARC = YES;
				CLANG_WARN_BLOCK_CAPTURE_AUTORELEASING = YES;
				CLANG_WARN_BOOL_CONVERSION = YES;
				CLANG_WARN_COMMA = YES;
				CLANG_WARN_CONSTANT_CONVERSION = YES;
				CLANG_WARN_DIRECT_OBJC_ISA_USAGE = YES_ERROR;
				CLANG_WARN_DOCUMENTATION_COMMENTS = YES;
				CLANG_WARN_EMPTY_BODY = YES;
				CLANG_WARN_ENUM_CONVERSION = YES;
				CLANG_WARN_INFINITE_RECURSION = YES;
				CLANG_WARN_INT_CONVERSION = YES;
				CLANG_WARN_NON_LITERAL_NULL_CONVERSION = YES;
				CLANG_WARN_OBJC_LITERAL_CONVERSION = YES;
				CLANG_WARN_OBJC_ROOT_CLASS = YES_ERROR;
				CLANG_WARN_RANGE_LOOP_ANALYSIS = YES;
				CLANG_WARN_STRICT_PROTOTYPES = YES;
				CLANG_WARN_SUSPICIOUS_MOVE = YES;
				CLANG_WARN_UNGUARDED_AVAILABILITY = YES_AGGRESSIVE;
				CLANG_WARN_UNREACHABLE_CODE = YES;
				CLANG_WARN__DUPLICATE_METHOD_MATCH = YES;
				CODE_SIGN_IDENTITY = "iPhone Developer";
				COPY_PHASE_STRIP = NO;
				DEBUG_INFORMATION_FORMAT = "dwarf-with-dsym";
				ENABLE_NS_ASSERTIONS = NO;
				ENABLE_STRICT_OBJC_MSGSEND = YES;
				GCC_C_LANGUAGE_STANDARD = gnu11;
				GCC_NO_COMMON_BLOCKS = YES;
				GCC_WARN_64_TO_32_BIT_CONVERSION = YES;
				GCC_WARN_ABOUT_RETURN_TYPE = YES_ERROR;
				GCC_WARN_UNDECLARED_SELECTOR = YES;
				GCC_WARN_UNINITIALIZED_AUTOS = YES_AGGRESSIVE;
				GCC_WARN_UNUSED_FUNCTION = YES;
				GCC_WARN_UNUSED_VARIABLE = YES;
				IPHONEOS_DEPLOYMENT_TARGET = 11.2;
				MTL_ENABLE_DEBUG_INFO = NO;
				SDKROOT = iphoneos;
				SWIFT_OPTIMIZATION_LEVEL = "-Owholemodule";
				VALIDATE_PRODUCT = YES;
			};
			name = Release;
		};
		0AA07DC52063F141006E6557 /* Debug */ = {
			isa = XCBuildConfiguration;
			baseConfigurationReference = FCDB9D3E0B9140BB54539214 /* Pods-xschat.debug.xcconfig */;
			buildSettings = {
				ASSETCATALOG_COMPILER_APPICON_NAME = AppIcon;
				CODE_SIGN_STYLE = Automatic;
				DEVELOPMENT_TEAM = 2Q294DQSH8;
				INFOPLIST_FILE = xschat/Info.plist;
				LD_RUNPATH_SEARCH_PATHS = "$(inherited) @executable_path/Frameworks";
				PRODUCT_BUNDLE_IDENTIFIER = com.megaputz.xschat;
				PRODUCT_NAME = "$(TARGET_NAME)";
				SWIFT_VERSION = 4.0;
				TARGETED_DEVICE_FAMILY = "1,2";
			};
			name = Debug;
		};
		0AA07DC62063F141006E6557 /* Release */ = {
			isa = XCBuildConfiguration;
			baseConfigurationReference = BE1AA7C01A1DBF2EAFD16CBD /* Pods-xschat.release.xcconfig */;
			buildSettings = {
				ASSETCATALOG_COMPILER_APPICON_NAME = AppIcon;
				CODE_SIGN_STYLE = Automatic;
				DEVELOPMENT_TEAM = 2Q294DQSH8;
				INFOPLIST_FILE = xschat/Info.plist;
				LD_RUNPATH_SEARCH_PATHS = "$(inherited) @executable_path/Frameworks";
				PRODUCT_BUNDLE_IDENTIFIER = com.megaputz.xschat;
				PRODUCT_NAME = "$(TARGET_NAME)";
				SWIFT_VERSION = 4.0;
				TARGETED_DEVICE_FAMILY = "1,2";
			};
			name = Release;
		};
/* End XCBuildConfiguration section */

/* Begin XCConfigurationList section */
		0AA07DAD2063F141006E6557 /* Build configuration list for PBXProject "xschat" */ = {
			isa = XCConfigurationList;
			buildConfigurations = (
				0AA07DC22063F141006E6557 /* Debug */,
				0AA07DC32063F141006E6557 /* Release */,
			);
			defaultConfigurationIsVisible = 0;
			defaultConfigurationName = Release;
		};
		0AA07DC42063F141006E6557 /* Build configuration list for PBXNativeTarget "xschat" */ = {
			isa = XCConfigurationList;
			buildConfigurations = (
				0AA07DC52063F141006E6557 /* Debug */,
				0AA07DC62063F141006E6557 /* Release */,
			);
			defaultConfigurationIsVisible = 0;
			defaultConfigurationName = Release;
		};
/* End XCConfigurationList section */
	};
	rootObject = 0AA07DAA2063F141006E6557 /* Project object */;
}
